# This file is automatically @generated by Cargo.
# It is not intended for manual editing.
version = 4

[[package]]
name = "multi_light_demo"
version = "0.1.0"
dependencies = [
 "rcrab-renderer",
]

[[package]]
name = "rcrab-asset"
version = "0.1.0"

[[package]]
name = "rcrab-audio"
version = "0.1.0"

[[package]]
name = "rcrab-core"
version = "0.1.0"

[[package]]
name = "rcrab-examples"
version = "0.1.0"
dependencies = [
 "rcrab-core",
]

[[package]]
name = "rcrab-input"
version = "0.1.0"

[[package]]
name = "rcrab-physics"
version = "0.1.0"

[[package]]
name = "rcrab-renderer"
version = "0.1.0"

[[package]]
name = "rcrab-scene"
version = "0.1.0"

[[package]]
name = "rotating_crab"
version = "0.1.0"
dependencies = [
 "rcrab-core",
]

[[package]]
name = "sand_terrain"
version = "0.1.0"
dependencies = [
 "rcrab-scene",
]
